
Microsoft Visual Studio Solution File, Format Version 12.00
# Visual Studio Version 17
VisualStudioVersion = 17.13.35828.75 d17.13
MinimumVisualStudioVersion = 10.0.40219.1
Project("{FAE04EC0-301F-11D3-BF4B-00C04F79EFBC}") = "DA-S", "DA-S\DA-S.csproj", "{F53B83B6-CA6B-4833-87E4-8D8565D07C0E}"
EndProject
Global
	GlobalSection(SolutionConfigurationPlatforms) = preSolution
		Debug|Any CPU = Debug|Any CPU
		Release|Any CPU = Release|Any CPU
	EndGlobalSection
	GlobalSection(ProjectConfigurationPlatforms) = postSolution
		{F53B83B6-CA6B-4833-87E4-8D8565D07C0E}.Debug|Any CPU.ActiveCfg = Debug|Any CPU
		{F53B83B6-CA6B-4833-87E4-8D8565D07C0E}.Debug|Any CPU.Build.0 = Debug|Any CPU
		{F53B83B6-CA6B-4833-87E4-8D8565D07C0E}.Release|Any CPU.ActiveCfg = Release|Any CPU
		{F53B83B6-CA6B-4833-87E4-8D8565D07C0E}.Release|Any CPU.Build.0 = Release|Any CPU
	EndGlobalSection
	GlobalSection(SolutionProperties) = preSolution
		HideSolutionNode = FALSE
	EndGlobalSection
	GlobalSection(ExtensibilityGlobals) = postSolution
		SolutionGuid = {1A828067-E7AF-4C70-A3A9-39CD3998C834}
	EndGlobalSection
EndGlobal
