
Microsoft Visual Studio Solution File, Format Version 12.00
# Visual Studio Version 17
VisualStudioVersion = 17.13.35828.75 d17.13
MinimumVisualStudioVersion = 10.0.40219.1
Project("{FAE04EC0-301F-11D3-BF4B-00C04F79EFBC}") = "DA-A", "DA-A\DA-A.csproj", "{9BAF0D51-EC58-4C9A-9127-6455DF7C709B}"
EndProject
Global
	GlobalSection(SolutionConfigurationPlatforms) = preSolution
		Debug|Any CPU = Debug|Any CPU
		Release|Any CPU = Release|Any CPU
	EndGlobalSection
	GlobalSection(ProjectConfigurationPlatforms) = postSolution
		{9BAF0D51-EC58-4C9A-9127-6455DF7C709B}.Debug|Any CPU.ActiveCfg = Debug|Any CPU
		{9BAF0D51-EC58-4C9A-9127-6455DF7C709B}.Debug|Any CPU.Build.0 = Debug|Any CPU
		{9BAF0D51-EC58-4C9A-9127-6455DF7C709B}.Release|Any CPU.ActiveCfg = Release|Any CPU
		{9BAF0D51-EC58-4C9A-9127-6455DF7C709B}.Release|Any CPU.Build.0 = Release|Any CPU
	EndGlobalSection
	GlobalSection(SolutionProperties) = preSolution
		HideSolutionNode = FALSE
	EndGlobalSection
	GlobalSection(ExtensibilityGlobals) = postSolution
		SolutionGuid = {487C0682-CC5B-454E-AFD0-A0C8718D4140}
	EndGlobalSection
EndGlobal
